
Microsoft Visual Studio Solution File, Format Version 12.00
# Visual Studio 15
VisualStudioVersion = 15.0.28307.1082
MinimumVisualStudioVersion = 10.0.40219.1
Project("{8BC9CEB8-8B4A-11D0-8D11-00A0C91BC942}") = "15652 - N과 M(4)", "15652 - N과 M(4).vcxproj", "{5418BF0E-7104-4E4D-B181-FE897FDC053B}"
EndProject
Global
	GlobalSection(SolutionConfigurationPlatforms) = preSolution
		Debug|x64 = Debug|x64
		Debug|x86 = Debug|x86
		Release|x64 = Release|x64
		Release|x86 = Release|x86
	EndGlobalSection
	GlobalSection(ProjectConfigurationPlatforms) = postSolution
		{5418BF0E-7104-4E4D-B181-FE897FDC053B}.Debug|x64.ActiveCfg = Debug|x64
		{5418BF0E-7104-4E4D-B181-FE897FDC053B}.Debug|x64.Build.0 = Debug|x64
		{5418BF0E-7104-4E4D-B181-FE897FDC053B}.Debug|x86.ActiveCfg = Debug|Win32
		{5418BF0E-7104-4E4D-B181-FE897FDC053B}.Debug|x86.Build.0 = Debug|Win32
		{5418BF0E-7104-4E4D-B181-FE897FDC053B}.Release|x64.ActiveCfg = Release|x64
		{5418BF0E-7104-4E4D-B181-FE897FDC053B}.Release|x64.Build.0 = Release|x64
		{5418BF0E-7104-4E4D-B181-FE897FDC053B}.Release|x86.ActiveCfg = Release|Win32
		{5418BF0E-7104-4E4D-B181-FE897FDC053B}.Release|x86.Build.0 = Release|Win32
	EndGlobalSection
	GlobalSection(SolutionProperties) = preSolution
		HideSolutionNode = FALSE
	EndGlobalSection
	GlobalSection(ExtensibilityGlobals) = postSolution
		SolutionGuid = {FE9BF05D-C567-4E34-9785-27A406508AFB}
	EndGlobalSection
EndGlobal
