
Microsoft Visual Studio Solution File, Format Version 12.00
# Visual Studio 2012
Project("{8BC9CEB8-8B4A-11D0-8D11-00A0C91BC942}") = "1110-더하기사이클", "1110-더하기사이클\1110-더하기사이클.vcxproj", "{48C6E8C3-0BB4-48EE-AEFE-93B308636C06}"
EndProject
Global
	GlobalSection(SolutionConfigurationPlatforms) = preSolution
		Debug|Win32 = Debug|Win32
		Release|Win32 = Release|Win32
	EndGlobalSection
	GlobalSection(ProjectConfigurationPlatforms) = postSolution
		{48C6E8C3-0BB4-48EE-AEFE-93B308636C06}.Debug|Win32.ActiveCfg = Debug|Win32
		{48C6E8C3-0BB4-48EE-AEFE-93B308636C06}.Debug|Win32.Build.0 = Debug|Win32
		{48C6E8C3-0BB4-48EE-AEFE-93B308636C06}.Release|Win32.ActiveCfg = Release|Win32
		{48C6E8C3-0BB4-48EE-AEFE-93B308636C06}.Release|Win32.Build.0 = Release|Win32
	EndGlobalSection
	GlobalSection(SolutionProperties) = preSolution
		HideSolutionNode = FALSE
	EndGlobalSection
EndGlobal
