
Microsoft Visual Studio Solution File, Format Version 12.00
# Visual Studio 2012
Project("{8BC9CEB8-8B4A-11D0-8D11-00A0C91BC942}") = "3053 - 택시 기하학", "3053 - 택시 기하학\3053 - 택시 기하학.vcxproj", "{03698830-87BF-4AD2-AC0C-AD6AE9D76B29}"
EndProject
Global
	GlobalSection(SolutionConfigurationPlatforms) = preSolution
		Debug|Win32 = Debug|Win32
		Release|Win32 = Release|Win32
	EndGlobalSection
	GlobalSection(ProjectConfigurationPlatforms) = postSolution
		{03698830-87BF-4AD2-AC0C-AD6AE9D76B29}.Debug|Win32.ActiveCfg = Debug|Win32
		{03698830-87BF-4AD2-AC0C-AD6AE9D76B29}.Debug|Win32.Build.0 = Debug|Win32
		{03698830-87BF-4AD2-AC0C-AD6AE9D76B29}.Release|Win32.ActiveCfg = Release|Win32
		{03698830-87BF-4AD2-AC0C-AD6AE9D76B29}.Release|Win32.Build.0 = Release|Win32
	EndGlobalSection
	GlobalSection(SolutionProperties) = preSolution
		HideSolutionNode = FALSE
	EndGlobalSection
EndGlobal
