
Microsoft Visual Studio Solution File, Format Version 12.00
# Visual Studio 2012
Project("{8BC9CEB8-8B4A-11D0-8D11-00A0C91BC942}") = "11726-2n타일링1", "11726-2n타일링1\11726-2n타일링1.vcxproj", "{E6A23B6A-8727-430B-A0E2-67F7DCFFC2DB}"
EndProject
Global
	GlobalSection(SolutionConfigurationPlatforms) = preSolution
		Debug|Win32 = Debug|Win32
		Release|Win32 = Release|Win32
	EndGlobalSection
	GlobalSection(ProjectConfigurationPlatforms) = postSolution
		{E6A23B6A-8727-430B-A0E2-67F7DCFFC2DB}.Debug|Win32.ActiveCfg = Debug|Win32
		{E6A23B6A-8727-430B-A0E2-67F7DCFFC2DB}.Debug|Win32.Build.0 = Debug|Win32
		{E6A23B6A-8727-430B-A0E2-67F7DCFFC2DB}.Release|Win32.ActiveCfg = Release|Win32
		{E6A23B6A-8727-430B-A0E2-67F7DCFFC2DB}.Release|Win32.Build.0 = Release|Win32
	EndGlobalSection
	GlobalSection(SolutionProperties) = preSolution
		HideSolutionNode = FALSE
	EndGlobalSection
EndGlobal
