
Microsoft Visual Studio Solution File, Format Version 12.00
# Visual Studio 2012
Project("{8BC9CEB8-8B4A-11D0-8D11-00A0C91BC942}") = "2163-초콜릿자르기", "2163-초콜릿자르기\2163-초콜릿자르기.vcxproj", "{9C0BDA76-2515-4445-B75D-C51A976966FD}"
EndProject
Global
	GlobalSection(SolutionConfigurationPlatforms) = preSolution
		Debug|Win32 = Debug|Win32
		Release|Win32 = Release|Win32
	EndGlobalSection
	GlobalSection(ProjectConfigurationPlatforms) = postSolution
		{9C0BDA76-2515-4445-B75D-C51A976966FD}.Debug|Win32.ActiveCfg = Debug|Win32
		{9C0BDA76-2515-4445-B75D-C51A976966FD}.Debug|Win32.Build.0 = Debug|Win32
		{9C0BDA76-2515-4445-B75D-C51A976966FD}.Release|Win32.ActiveCfg = Release|Win32
		{9C0BDA76-2515-4445-B75D-C51A976966FD}.Release|Win32.Build.0 = Release|Win32
	EndGlobalSection
	GlobalSection(SolutionProperties) = preSolution
		HideSolutionNode = FALSE
	EndGlobalSection
EndGlobal
