
Microsoft Visual Studio Solution File, Format Version 12.00
# Visual Studio 15
VisualStudioVersion = 15.0.28307.1082
MinimumVisualStudioVersion = 10.0.40219.1
Project("{8BC9CEB8-8B4A-11D0-8D11-00A0C91BC942}") = "1564.c", "1564.c.vcxproj", "{DFBFED9A-635E-4FDD-8E90-D475C9B56411}"
EndProject
Global
	GlobalSection(SolutionConfigurationPlatforms) = preSolution
		Debug|x64 = Debug|x64
		Debug|x86 = Debug|x86
		Release|x64 = Release|x64
		Release|x86 = Release|x86
	EndGlobalSection
	GlobalSection(ProjectConfigurationPlatforms) = postSolution
		{DFBFED9A-635E-4FDD-8E90-D475C9B56411}.Debug|x64.ActiveCfg = Debug|x64
		{DFBFED9A-635E-4FDD-8E90-D475C9B56411}.Debug|x64.Build.0 = Debug|x64
		{DFBFED9A-635E-4FDD-8E90-D475C9B56411}.Debug|x86.ActiveCfg = Debug|Win32
		{DFBFED9A-635E-4FDD-8E90-D475C9B56411}.Debug|x86.Build.0 = Debug|Win32
		{DFBFED9A-635E-4FDD-8E90-D475C9B56411}.Release|x64.ActiveCfg = Release|x64
		{DFBFED9A-635E-4FDD-8E90-D475C9B56411}.Release|x64.Build.0 = Release|x64
		{DFBFED9A-635E-4FDD-8E90-D475C9B56411}.Release|x86.ActiveCfg = Release|Win32
		{DFBFED9A-635E-4FDD-8E90-D475C9B56411}.Release|x86.Build.0 = Release|Win32
	EndGlobalSection
	GlobalSection(SolutionProperties) = preSolution
		HideSolutionNode = FALSE
	EndGlobalSection
	GlobalSection(ExtensibilityGlobals) = postSolution
		SolutionGuid = {D8799AA9-E0EC-4083-A806-ECEF64C15109}
	EndGlobalSection
EndGlobal
