
Microsoft Visual Studio Solution File, Format Version 12.00
# Visual Studio 15
VisualStudioVersion = 15.0.28307.1082
MinimumVisualStudioVersion = 10.0.40219.1
Project("{8BC9CEB8-8B4A-11D0-8D11-00A0C91BC942}") = "1018 - 체스판 다시 칠하기", "1018 - 체스판 다시 칠하기.vcxproj", "{021CB77E-3BC1-405F-9A60-CFF7A83B5E0D}"
EndProject
Global
	GlobalSection(SolutionConfigurationPlatforms) = preSolution
		Debug|x64 = Debug|x64
		Debug|x86 = Debug|x86
		Release|x64 = Release|x64
		Release|x86 = Release|x86
	EndGlobalSection
	GlobalSection(ProjectConfigurationPlatforms) = postSolution
		{021CB77E-3BC1-405F-9A60-CFF7A83B5E0D}.Debug|x64.ActiveCfg = Debug|x64
		{021CB77E-3BC1-405F-9A60-CFF7A83B5E0D}.Debug|x64.Build.0 = Debug|x64
		{021CB77E-3BC1-405F-9A60-CFF7A83B5E0D}.Debug|x86.ActiveCfg = Debug|Win32
		{021CB77E-3BC1-405F-9A60-CFF7A83B5E0D}.Debug|x86.Build.0 = Debug|Win32
		{021CB77E-3BC1-405F-9A60-CFF7A83B5E0D}.Release|x64.ActiveCfg = Release|x64
		{021CB77E-3BC1-405F-9A60-CFF7A83B5E0D}.Release|x64.Build.0 = Release|x64
		{021CB77E-3BC1-405F-9A60-CFF7A83B5E0D}.Release|x86.ActiveCfg = Release|Win32
		{021CB77E-3BC1-405F-9A60-CFF7A83B5E0D}.Release|x86.Build.0 = Release|Win32
	EndGlobalSection
	GlobalSection(SolutionProperties) = preSolution
		HideSolutionNode = FALSE
	EndGlobalSection
	GlobalSection(ExtensibilityGlobals) = postSolution
		SolutionGuid = {60C77B70-5C71-4546-89F7-BE0DFAC278BB}
	EndGlobalSection
EndGlobal
