
Microsoft Visual Studio Solution File, Format Version 12.00
# Visual Studio 15
VisualStudioVersion = 15.0.28307.1082
MinimumVisualStudioVersion = 10.0.40219.1
Project("{8BC9CEB8-8B4A-11D0-8D11-00A0C91BC942}") = "SWEA-2071", "SWEA-2071.vcxproj", "{FE79EE66-17E3-46F1-B6C7-5781E78D051C}"
EndProject
Global
	GlobalSection(SolutionConfigurationPlatforms) = preSolution
		Debug|x64 = Debug|x64
		Debug|x86 = Debug|x86
		Release|x64 = Release|x64
		Release|x86 = Release|x86
	EndGlobalSection
	GlobalSection(ProjectConfigurationPlatforms) = postSolution
		{FE79EE66-17E3-46F1-B6C7-5781E78D051C}.Debug|x64.ActiveCfg = Debug|x64
		{FE79EE66-17E3-46F1-B6C7-5781E78D051C}.Debug|x64.Build.0 = Debug|x64
		{FE79EE66-17E3-46F1-B6C7-5781E78D051C}.Debug|x86.ActiveCfg = Debug|Win32
		{FE79EE66-17E3-46F1-B6C7-5781E78D051C}.Debug|x86.Build.0 = Debug|Win32
		{FE79EE66-17E3-46F1-B6C7-5781E78D051C}.Release|x64.ActiveCfg = Release|x64
		{FE79EE66-17E3-46F1-B6C7-5781E78D051C}.Release|x64.Build.0 = Release|x64
		{FE79EE66-17E3-46F1-B6C7-5781E78D051C}.Release|x86.ActiveCfg = Release|Win32
		{FE79EE66-17E3-46F1-B6C7-5781E78D051C}.Release|x86.Build.0 = Release|Win32
	EndGlobalSection
	GlobalSection(SolutionProperties) = preSolution
		HideSolutionNode = FALSE
	EndGlobalSection
	GlobalSection(ExtensibilityGlobals) = postSolution
		SolutionGuid = {1C58C5F3-F12C-4528-AE06-6C7D2BCADCB5}
	EndGlobalSection
EndGlobal
