
Microsoft Visual Studio Solution File, Format Version 12.00
# Visual Studio 15
VisualStudioVersion = 15.0.28307.1082
MinimumVisualStudioVersion = 10.0.40219.1
Project("{8BC9CEB8-8B4A-11D0-8D11-00A0C91BC942}") = "15651 - N과 M(3)", "15651 - N과 M(3).vcxproj", "{45DFA803-DB37-414D-BFD8-6FB4448CC5AF}"
EndProject
Global
	GlobalSection(SolutionConfigurationPlatforms) = preSolution
		Debug|x64 = Debug|x64
		Debug|x86 = Debug|x86
		Release|x64 = Release|x64
		Release|x86 = Release|x86
	EndGlobalSection
	GlobalSection(ProjectConfigurationPlatforms) = postSolution
		{45DFA803-DB37-414D-BFD8-6FB4448CC5AF}.Debug|x64.ActiveCfg = Debug|x64
		{45DFA803-DB37-414D-BFD8-6FB4448CC5AF}.Debug|x64.Build.0 = Debug|x64
		{45DFA803-DB37-414D-BFD8-6FB4448CC5AF}.Debug|x86.ActiveCfg = Debug|Win32
		{45DFA803-DB37-414D-BFD8-6FB4448CC5AF}.Debug|x86.Build.0 = Debug|Win32
		{45DFA803-DB37-414D-BFD8-6FB4448CC5AF}.Release|x64.ActiveCfg = Release|x64
		{45DFA803-DB37-414D-BFD8-6FB4448CC5AF}.Release|x64.Build.0 = Release|x64
		{45DFA803-DB37-414D-BFD8-6FB4448CC5AF}.Release|x86.ActiveCfg = Release|Win32
		{45DFA803-DB37-414D-BFD8-6FB4448CC5AF}.Release|x86.Build.0 = Release|Win32
	EndGlobalSection
	GlobalSection(SolutionProperties) = preSolution
		HideSolutionNode = FALSE
	EndGlobalSection
	GlobalSection(ExtensibilityGlobals) = postSolution
		SolutionGuid = {0DFA9A41-9D1D-4329-A848-0CB9E7BDD33B}
	EndGlobalSection
EndGlobal
