
Microsoft Visual Studio Solution File, Format Version 12.00
# Visual Studio 2012
Project("{8BC9CEB8-8B4A-11D0-8D11-00A0C91BC942}") = "2563-색종이", "2563-색종이\2563-색종이.vcxproj", "{F26DCEFC-236C-4146-9CB3-B03947828210}"
EndProject
Global
	GlobalSection(SolutionConfigurationPlatforms) = preSolution
		Debug|Win32 = Debug|Win32
		Release|Win32 = Release|Win32
	EndGlobalSection
	GlobalSection(ProjectConfigurationPlatforms) = postSolution
		{F26DCEFC-236C-4146-9CB3-B03947828210}.Debug|Win32.ActiveCfg = Debug|Win32
		{F26DCEFC-236C-4146-9CB3-B03947828210}.Debug|Win32.Build.0 = Debug|Win32
		{F26DCEFC-236C-4146-9CB3-B03947828210}.Release|Win32.ActiveCfg = Release|Win32
		{F26DCEFC-236C-4146-9CB3-B03947828210}.Release|Win32.Build.0 = Release|Win32
	EndGlobalSection
	GlobalSection(SolutionProperties) = preSolution
		HideSolutionNode = FALSE
	EndGlobalSection
EndGlobal
