
Microsoft Visual Studio Solution File, Format Version 12.00
# Visual Studio 2012
Project("{8BC9CEB8-8B4A-11D0-8D11-00A0C91BC942}") = "2446 - 별 찍기 - 9", "2446 - 별 찍기 - 9\2446 - 별 찍기 - 9.vcxproj", "{FF325F54-01BF-4DD0-819A-CC30A3821414}"
EndProject
Global
	GlobalSection(SolutionConfigurationPlatforms) = preSolution
		Debug|Win32 = Debug|Win32
		Release|Win32 = Release|Win32
	EndGlobalSection
	GlobalSection(ProjectConfigurationPlatforms) = postSolution
		{FF325F54-01BF-4DD0-819A-CC30A3821414}.Debug|Win32.ActiveCfg = Debug|Win32
		{FF325F54-01BF-4DD0-819A-CC30A3821414}.Debug|Win32.Build.0 = Debug|Win32
		{FF325F54-01BF-4DD0-819A-CC30A3821414}.Release|Win32.ActiveCfg = Release|Win32
		{FF325F54-01BF-4DD0-819A-CC30A3821414}.Release|Win32.Build.0 = Release|Win32
	EndGlobalSection
	GlobalSection(SolutionProperties) = preSolution
		HideSolutionNode = FALSE
	EndGlobalSection
EndGlobal
